
Microsoft Visual Studio Solution File, Format Version 12.00
Project("{FAE04EC0-301F-11D3-BF4B-00C04F79EFBC}") = "ODataEfCoreOpenType", "ODataEfCoreOpenType.csproj", "{EAAEF542-CCA8-4DFF-B82A-F6ABAB5B452F}"
EndProject
Global
	GlobalSection(SolutionConfigurationPlatforms) = preSolution
		Debug|Any CPU = Debug|Any CPU
		Release|Any CPU = Release|Any CPU
	EndGlobalSection
	GlobalSection(ProjectConfigurationPlatforms) = postSolution
		{EAAEF542-CCA8-4DFF-B82A-F6ABAB5B452F}.Debug|Any CPU.ActiveCfg = Debug|Any CPU
		{EAAEF542-CCA8-4DFF-B82A-F6ABAB5B452F}.Debug|Any CPU.Build.0 = Debug|Any CPU
		{EAAEF542-CCA8-4DFF-B82A-F6ABAB5B452F}.Release|Any CPU.ActiveCfg = Release|Any CPU
		{EAAEF542-CCA8-4DFF-B82A-F6ABAB5B452F}.Release|Any CPU.Build.0 = Release|Any CPU
	EndGlobalSection
EndGlobal
